<?xml version="1.0" encoding="utf-8"?>
<Project ToolsVersion="4.0" xmlns="http://schemas.microsoft.com/developer/msbuild/2003">
  <ItemGroup>
    <Filter Include="Source Files">
      <UniqueIdentifier>{4FC737F1-C7A5-4376-A066-2A32D752A2FF}</UniqueIdentifier>
      <Extensions>cpp;c;cc;cxx;c++;cppm;ixx;def;odl;idl;hpj;bat;asm;asmx</Extensions>
    </Filter>
    <Filter Include="Header Files">
      <UniqueIdentifier>{93995380-89BD-4b04-88EB-625FBE52EBFB}</UniqueIdentifier>
      <Extensions>h;hh;hpp;hxx;h++;hm;inl;inc;ipp;xsd</Extensions>
    </Filter>
    <Filter Include="Source Files\EngineGUI">
      <UniqueIdentifier>{02a78c18-4d28-412f-8d05-b75d268585c5}</UniqueIdentifier>
    </Filter>
    <Filter Include="Source Files\ECS">
      <UniqueIdentifier>{194783f9-2bd4-40a6-8d4c-31e09aba62f3}</UniqueIdentifier>
    </Filter>
    <Filter Include="Source Files\3rdParty">
      <UniqueIdentifier>{4ea16ed8-eea2-43e1-baba-ab94161a5e8b}</UniqueIdentifier>
    </Filter>
    <Filter Include="Source Files\3rdParty\imgui">
      <UniqueIdentifier>{ec1850f0-00dd-4791-b362-7af28be386ef}</UniqueIdentifier>
    </Filter>
    <Filter Include="Source Files\ECS\Components">
      <UniqueIdentifier>{4e7ddfd9-2eb9-4c09-922d-0c37ec1d173f}</UniqueIdentifier>
    </Filter>
    <Filter Include="Header Files\ECS">
      <UniqueIdentifier>{0e7a138e-c6e3-4b26-98f9-2fcf5c0dc487}</UniqueIdentifier>
    </Filter>
    <Filter Include="Header Files\3rdParty">
      <UniqueIdentifier>{d692df84-d076-4a3b-8f35-eaaffb77ac1c}</UniqueIdentifier>
    </Filter>
    <Filter Include="Header Files\3rdParty\imgui">
      <UniqueIdentifier>{0e68c10c-c852-45c0-9c72-bd4c97a0c742}</UniqueIdentifier>
    </Filter>
    <Filter Include="Header Files\3rdParty\stb">
      <UniqueIdentifier>{b59e0c5d-1e95-4df0-9928-cc1e81cc1784}</UniqueIdentifier>
    </Filter>
    <Filter Include="Header Files\EngineGUI">
      <UniqueIdentifier>{fe148aed-d997-43af-923a-a871ede80940}</UniqueIdentifier>
    </Filter>
    <Filter Include="Header Files\Managers">
      <UniqueIdentifier>{eda1e24c-a50f-413e-8577-886a03b2a413}</UniqueIdentifier>
    </Filter>
    <Filter Include="Header Files\UtilityClasses">
      <UniqueIdentifier>{48b52c5e-f13f-4853-96ed-f32c27fa0ac1}</UniqueIdentifier>
    </Filter>
    <Filter Include="Source Files\Managers">
      <UniqueIdentifier>{c57f8154-5aa0-4ff5-b7de-b8a72d15c880}</UniqueIdentifier>
    </Filter>
    <Filter Include="Source Files\UtilityClasses">
      <UniqueIdentifier>{bca78652-ffbc-4c43-b728-a708aeb6d489}</UniqueIdentifier>
    </Filter>
  </ItemGroup>
  <ItemGroup>
    <ClCompile Include="src\main.cpp">
      <Filter>Source Files</Filter>
    </ClCompile>
    <ClCompile Include="src\Mesh.cpp">
      <Filter>Source Files</Filter>
    </ClCompile>
    <ClCompile Include="src\MeshNode.cpp">
      <Filter>Source Files</Filter>
    </ClCompile>
    <ClCompile Include="src\EngineGUI\AudioPanel.cpp">
      <Filter>Source Files\EngineGUI</Filter>
    </ClCompile>
    <ClCompile Include="src\EngineGUI\AnimationPanel.cpp">
      <Filter>Source Files\EngineGUI</Filter>
    </ClCompile>
    <ClCompile Include="src\EngineGUI\EngineGUI.cpp">
      <Filter>Source Files\EngineGUI</Filter>
    </ClCompile>
    <ClCompile Include="src\EngineGUI\ImGuizmoTool.cpp">
      <Filter>Source Files\EngineGUI</Filter>
    </ClCompile>
    <ClCompile Include="src\EngineGUI\PresetObject.cpp">
      <Filter>Source Files\EngineGUI</Filter>
    </ClCompile>
    <ClCompile Include="src\EngineGUI\PresetObjectPanel.cpp">
      <Filter>Source Files\EngineGUI</Filter>
    </ClCompile>
    <ClCompile Include="src\EngineGUI\ScenePanel.cpp">
      <Filter>Source Files\EngineGUI</Filter>
    </ClCompile>
    <ClCompile Include="src\Scene.cpp">
      <Filter>Source Files\ECS</Filter>
    </ClCompile>
    <ClCompile Include="3rdParty\headers\imgui\imgui_widgets.cpp">
      <Filter>Source Files\3rdParty\imgui</Filter>
    </ClCompile>
    <ClCompile Include="3rdParty\headers\imgui\imgui.cpp">
      <Filter>Source Files\3rdParty\imgui</Filter>
    </ClCompile>
    <ClCompile Include="3rdParty\headers\imgui\imgui_demo.cpp">
      <Filter>Source Files\3rdParty\imgui</Filter>
    </ClCompile>
    <ClCompile Include="3rdParty\headers\imgui\imgui_draw.cpp">
      <Filter>Source Files\3rdParty\imgui</Filter>
    </ClCompile>
    <ClCompile Include="3rdParty\headers\imgui\imgui_freetype.cpp">
      <Filter>Source Files\3rdParty\imgui</Filter>
    </ClCompile>
    <ClCompile Include="3rdParty\headers\imgui\imgui_impl_glfw.cpp">
      <Filter>Source Files\3rdParty\imgui</Filter>
    </ClCompile>
    <ClCompile Include="3rdParty\headers\imgui\imgui_impl_opengl3.cpp">
      <Filter>Source Files\3rdParty\imgui</Filter>
    </ClCompile>
    <ClCompile Include="3rdParty\headers\imgui\imgui_tables.cpp">
      <Filter>Source Files\3rdParty\imgui</Filter>
    </ClCompile>
    <ClCompile Include="src\RenderableComponent.cpp">
      <Filter>Source Files\ECS\Components</Filter>
    </ClCompile>
    <ClCompile Include="src\Entity.cpp">
      <Filter>Source Files\ECS</Filter>
    </ClCompile>
    <ClCompile Include="src\Mesh.cpp">
      <Filter>Source Files</Filter>
    </ClCompile>
    <ClCompile Include="src\AudioManager.cpp">
      <Filter>Source Files\Managers</Filter>
    </ClCompile>
    <ClCompile Include="src\EventManager.cpp">
      <Filter>Source Files\Managers</Filter>
    </ClCompile>
    <ClCompile Include="src\GameManager.cpp">
      <Filter>Source Files\Managers</Filter>
    </ClCompile>
    <ClCompile Include="src\MemAllocator.cpp">
      <Filter>Source Files\Managers</Filter>
    </ClCompile>
    <ClCompile Include="src\IOManager.cpp">
      <Filter>Source Files\Managers</Filter>
    </ClCompile>
    <ClCompile Include="src\FBXFileLoader.cpp">
      <Filter>Source Files\UtilityClasses</Filter>
    </ClCompile>
    <ClCompile Include="src\Utils.cpp">
      <Filter>Source Files\UtilityClasses</Filter>
    </ClCompile>
    <ClCompile Include="src\PositionComponent.cpp">
      <Filter>Source Files\ECS</Filter>
    </ClCompile>
    <ClCompile Include="3rdParty\headers\imguizmo\GraphEditor.cpp">
      <Filter>Source Files</Filter>
    </ClCompile>
    <ClCompile Include="3rdParty\headers\imguizmo\ImCurveEdit.cpp">
      <Filter>Source Files</Filter>
    </ClCompile>
    <ClCompile Include="3rdParty\headers\imguizmo\ImGradient.cpp">
      <Filter>Source Files</Filter>
    </ClCompile>
    <ClCompile Include="3rdParty\headers\imguizmo\ImGuizmo.cpp">
      <Filter>Source Files</Filter>
    </ClCompile>
    <ClCompile Include="3rdParty\headers\imguizmo\ImSequencer.cpp">
      <Filter>Source Files</Filter>
    </ClCompile>
    <ClCompile Include="src\GLProgram.cpp">
      <Filter>Source Files</Filter>
    </ClCompile>
    <ClCompile Include="src\Renderer.cpp">
      <Filter>Source Files</Filter>
    </ClCompile>
    <ClCompile Include="src\script.cpp">
      <Filter>Source Files</Filter>
    </ClCompile>
  </ItemGroup>
  <ItemGroup>
    <ClInclude Include="headers\Camera.h">
      <Filter>Header Files</Filter>
    </ClInclude>
    <ClInclude Include="headers\Mesh.h">
      <Filter>Header Files</Filter>
    </ClInclude>
    <ClInclude Include="headers\MeshNode.h">
      <Filter>Header Files</Filter>
    </ClInclude>
    <ClInclude Include="headers\Renderer.h">
      <Filter>Header Files</Filter>
    </ClInclude>
    <ClInclude Include="headers\GLProgram.h">
      <Filter>Header Files</Filter>
    </ClInclude>
    <ClInclude Include="headers\EngineGUI\EngineGUI.h">
      <Filter>Header Files</Filter>
    </ClInclude>
    <ClInclude Include="headers\script.h">
      <Filter>Header Files</Filter>
    </ClInclude>
  </ItemGroup>
  <ItemGroup>
    <ClInclude Include="3rdParty\headers\imgui\imgui_freetype.h">
      <Filter>Header Files</Filter>
    </ClInclude>
    <ClInclude Include="headers\GameState.h">
      <Filter>Header Files</Filter>
    </ClInclude>
    <ClInclude Include="headers\Entity.h">
      <Filter>Header Files\ECS</Filter>
    </ClInclude>
    <ClInclude Include="headers\IComponent.h">
      <Filter>Header Files\ECS</Filter>
    </ClInclude>
    <ClInclude Include="headers\IPosition.h">
      <Filter>Header Files\ECS</Filter>
    </ClInclude>
    <ClInclude Include="headers\RenderableComponent.h">
      <Filter>Header Files\ECS</Filter>
    </ClInclude>
    <ClInclude Include="headers\IRenderable.h">
      <Filter>Header Files</Filter>
    </ClInclude>
    <ClInclude Include="headers\PositionComponent.h">
      <Filter>Header Files\ECS</Filter>
    </ClInclude>
    <ClInclude Include="headers\Scene.h">
      <Filter>Header Files\ECS</Filter>
    </ClInclude>
    <ClInclude Include="headers\stb_image_write.h">
      <Filter>Header Files\3rdParty\stb</Filter>
    </ClInclude>
    <ClInclude Include="headers\stb_image.h">
      <Filter>Header Files\3rdParty\stb</Filter>
    </ClInclude>
    <ClInclude Include="headers\AudioManager.h">
      <Filter>Header Files</Filter>
    </ClInclude>
    <ClInclude Include="headers\IRenderable.h">
      <Filter>Header Files\ECS</Filter>
    </ClInclude>
    <ClInclude Include="3rdParty\headers\imgui\imgui_freetype.h">
      <Filter>Header Files\3rdParty\imgui</Filter>
    </ClInclude>
    <ClInclude Include="headers\EventManager.h">
      <Filter>Header Files\Managers</Filter>
    </ClInclude>
    <ClInclude Include="headers\EventNames.h">
      <Filter>Header Files\Managers</Filter>
    </ClInclude>
    <ClInclude Include="headers\GameManager.h">
      <Filter>Header Files\Managers</Filter>
    </ClInclude>
    <ClInclude Include="headers\IOManager.h">
      <Filter>Header Files\Managers</Filter>
    </ClInclude>
    <ClInclude Include="headers\Singleton.h">
      <Filter>Header Files\UtilityClasses</Filter>
    </ClInclude>
    <ClInclude Include="headers\Types.h">
      <Filter>Header Files\UtilityClasses</Filter>
    </ClInclude>
    <ClInclude Include="headers\Utils.h">
      <Filter>Header Files\UtilityClasses</Filter>
    </ClInclude>
    <ClInclude Include="headers\FBXFileLoader.h">
      <Filter>Header Files\UtilityClasses</Filter>
    </ClInclude>
    <ClInclude Include="headers\MemAllocator.h">
      <Filter>Header Files\UtilityClasses</Filter>
    </ClInclude>
    <ClInclude Include="headers\EngineGUI\AudioPanel.h">
      <Filter>Header Files\EngineGUI</Filter>
    </ClInclude>
    <ClInclude Include="headers\EngineGUI\AnimationPanel.h">
      <Filter>Header Files\EngineGUI</Filter>
    </ClInclude>
    <ClInclude Include="headers\EngineGUI\EngineGUI.h">
      <Filter>Header Files\EngineGUI</Filter>
    </ClInclude>
    <ClInclude Include="headers\EngineGUI\ImGuizmoTool.h">
      <Filter>Header Files\EngineGUI</Filter>
    </ClInclude>
    <ClInclude Include="headers\EngineGUI\PresetObject.h">
      <Filter>Header Files\EngineGUI</Filter>
    </ClInclude>
    <ClInclude Include="headers\EngineGUI\PresetObjectPanel.h">
      <Filter>Header Files\EngineGUI</Filter>
    </ClInclude>
    <ClInclude Include="headers\EngineGUI\ScenePanel.h">
      <Filter>Header Files\EngineGUI</Filter>
    </ClInclude>
  </ItemGroup>
</Project>